
Microsoft Visual Studio Solution File, Format Version 12.00
# Visual Studio Version 17
VisualStudioVersion = 17.14.36414.22
MinimumVisualStudioVersion = 10.0.40219.1
Project("{2150E333-8FDC-42A3-9474-1A3956D46DE8}") = "Task0", "Task0", "{02EA681E-C7D8-13C7-8484-4AC65E1B71E8}"
EndProject
Project("{FAE04EC0-301F-11D3-BF4B-00C04F79EFBC}") = "Tyuiu.NesterenkoVV.Sprint3.Task0.V27", "Tyuiu.NesterenkoVV.Sprint3.Task0.V27\Tyuiu.NesterenkoVV.Sprint3.Task0.V27.csproj", "{8998FA1F-C772-417D-8F98-D0BEB663CE5A}"
EndProject
Project("{FAE04EC0-301F-11D3-BF4B-00C04F79EFBC}") = "Tyuiu.NesterenkoVV.Sprint3.Task0.V27.Lib", "Tyuiu.NesterenkoVV.Sprint3.Task0.V27.Lib\Tyuiu.NesterenkoVV.Sprint3.Task0.V27.Lib.csproj", "{45FDE36B-7A9B-48BC-A858-1993BBD2BAA4}"
EndProject
Project("{FAE04EC0-301F-11D3-BF4B-00C04F79EFBC}") = "Tyuiu.NesterenkoVV.Sprint3.Task0.V27.Test", "Tyuiu.NesterenkoVV.Sprint3.Task0.V27.Test\Tyuiu.NesterenkoVV.Sprint3.Task0.V27.Test.csproj", "{36DB18EC-BC20-45B5-895E-E755FA30A7EF}"
EndProject
Project("{2150E333-8FDC-42A3-9474-1A3956D46DE8}") = "Task1", "Task1", "{8953B052-8640-4C05-9064-3203323574DC}"
EndProject
Project("{FAE04EC0-301F-11D3-BF4B-00C04F79EFBC}") = "Tyuiu.NesterenkoVV.Sprint3.Task1.V1", "Tyuiu.NesterenkoVV.Sprint3.Task1.V1\Tyuiu.NesterenkoVV.Sprint3.Task1.V1.csproj", "{9EEE00ED-9579-4B96-B735-A63CB8A02BB9}"
EndProject
Project("{FAE04EC0-301F-11D3-BF4B-00C04F79EFBC}") = "Tyuiu.NesterenkoVV.Sprint3.Task1.V1.Lib", "Tyuiu.NesterenkoVV.Sprint3.Task1.V1.Lib\Tyuiu.NesterenkoVV.Sprint3.Task1.V1.Lib.csproj", "{EE886BBA-608F-4935-8B06-31421CC7C0B8}"
EndProject
Project("{FAE04EC0-301F-11D3-BF4B-00C04F79EFBC}") = "Tyuiu.NesterenkoVV.Sprint3.Task1.V1.Test", "Tyuiu.NesterenkoVV.Sprint3.Task1.V1.Test\Tyuiu.NesterenkoVV.Sprint3.Task1.V1.Test.csproj", "{36F71723-4E8D-443D-AEA9-D9B21C5557E4}"
EndProject
Project("{2150E333-8FDC-42A3-9474-1A3956D46DE8}") = "Task2", "Task2", "{1D70DC27-A963-43ED-A39B-47E2767F7201}"
EndProject
Project("{FAE04EC0-301F-11D3-BF4B-00C04F79EFBC}") = "Tyuiu.NesterenkoVV.Sprint3.Task2.V9", "Tyuiu.NesterenkoVV.Sprint3.Task2.V9\Tyuiu.NesterenkoVV.Sprint3.Task2.V9.csproj", "{A3793E01-B3A6-47CE-A2FD-77CC62FB21C3}"
EndProject
Project("{FAE04EC0-301F-11D3-BF4B-00C04F79EFBC}") = "Tyuiu.NesterenkoVV.Sprint3.Task2.V9.Lib", "Tyuiu.NesterenkoVV.Sprint3.Task2.V9.Lib\Tyuiu.NesterenkoVV.Sprint3.Task2.V9.Lib.csproj", "{551DC806-BB4A-49B5-8316-62901748B9DC}"
EndProject
Project("{FAE04EC0-301F-11D3-BF4B-00C04F79EFBC}") = "Tyuiu.NesterenkoVV.Sprint3.Task2.V9.Test", "Tyuiu.NesterenkoVV.Sprint3.Task2.V9.Test\Tyuiu.NesterenkoVV.Sprint3.Task2.V9.Test.csproj", "{F46D37DC-AF2A-41F3-9F9B-B797851C5D0B}"
EndProject
Project("{2150E333-8FDC-42A3-9474-1A3956D46DE8}") = "Task3", "Task3", "{0EE76A05-D889-47D8-8225-8C5111C45830}"
EndProject
Project("{FAE04EC0-301F-11D3-BF4B-00C04F79EFBC}") = "Tyuiu.NesterenkoVV.Sprint3.Task3.V1", "Tyuiu.NesterenkoVV.Sprint3.Task3.V1\Tyuiu.NesterenkoVV.Sprint3.Task3.V1.csproj", "{2A810E17-99D6-4EFA-BD21-ECE7C3369F3C}"
EndProject
Project("{FAE04EC0-301F-11D3-BF4B-00C04F79EFBC}") = "Tyuiu.NesterenkoVV.Sprint3.Task3.V1.Lib", "Tyuiu.NesterenkoVV.Sprint3.Task3.V1.Lib\Tyuiu.NesterenkoVV.Sprint3.Task3.V1.Lib.csproj", "{B2C95060-D3F3-4E62-A59C-7C2754C04B5A}"
EndProject
Project("{FAE04EC0-301F-11D3-BF4B-00C04F79EFBC}") = "Tyuiu.NesterenkoVV.Sprint3.Task3.V1.Test", "Tyuiu.NesterenkoVV.Sprint3.Task3.V1.Test\Tyuiu.NesterenkoVV.Sprint3.Task3.V1.Test.csproj", "{C5CAD07B-2A18-428A-A21C-33FB504A002B}"
EndProject
Project("{2150E333-8FDC-42A3-9474-1A3956D46DE8}") = "Task4", "Task4", "{CF5482DA-C991-4A13-81D1-0DA975DEBE1A}"
EndProject
Project("{FAE04EC0-301F-11D3-BF4B-00C04F79EFBC}") = "Tyuiu.NesterenkoVV.Sprint3.Task4.V18", "Tyuiu.NesterenkoVV.Sprint3.Task4.V18\Tyuiu.NesterenkoVV.Sprint3.Task4.V18.csproj", "{81875C21-D1EC-43EC-9B07-493825029301}"
EndProject
Project("{FAE04EC0-301F-11D3-BF4B-00C04F79EFBC}") = "Tyuiu.NesterenkoVV.Sprint3.Task4.V18.Lib", "Tyuiu.NesterenkoVV.Sprint3.Task4.V18.Lib\Tyuiu.NesterenkoVV.Sprint3.Task4.V18.Lib.csproj", "{E89C5FC2-4FE6-4945-9C21-2C6A4B8E64CA}"
EndProject
Project("{FAE04EC0-301F-11D3-BF4B-00C04F79EFBC}") = "Tyuiu.NesterenkoVV.Sprint3.Task4.V18.Test", "Tyuiu.NesterenkoVV.Sprint3.Task4.V18.Test\Tyuiu.NesterenkoVV.Sprint3.Task4.V18.Test.csproj", "{84E826AD-FC25-491A-AFA2-886FFA801E96}"
EndProject
Project("{2150E333-8FDC-42A3-9474-1A3956D46DE8}") = "Task5", "Task5", "{91C60CCD-5DEE-4298-807A-74738053BC55}"
EndProject
Project("{FAE04EC0-301F-11D3-BF4B-00C04F79EFBC}") = "Tyuiu.NesterenkoVV.Sprint3.Task5.V22", "Tyuiu.NesterenkoVV.Sprint3.Task5.V22\Tyuiu.NesterenkoVV.Sprint3.Task5.V22.csproj", "{F21235DD-6E34-4A02-BC34-8446B1E3202A}"
EndProject
Project("{FAE04EC0-301F-11D3-BF4B-00C04F79EFBC}") = "Tyuiu.NesterenkoVV.Sprint3.Task5.V22.Lib", "Tyuiu.NesterenkoVV.Sprint3.Task5.V22.Lib\Tyuiu.NesterenkoVV.Sprint3.Task5.V22.Lib.csproj", "{C48E7166-58B4-4437-8A24-F90B0D7EE9A9}"
EndProject
Project("{FAE04EC0-301F-11D3-BF4B-00C04F79EFBC}") = "Tyuiu.NesterenkoVV.Sprint3.Task5.V22.Test", "Tyuiu.NesterenkoVV.Sprint3.Task5.V22.Test\Tyuiu.NesterenkoVV.Sprint3.Task5.V22.Test.csproj", "{7A78D988-EF9F-4F6C-9D8A-1ADEF4E54A1F}"
EndProject
Global
	GlobalSection(SolutionConfigurationPlatforms) = preSolution
		Debug|Any CPU = Debug|Any CPU
		Release|Any CPU = Release|Any CPU
	EndGlobalSection
	GlobalSection(ProjectConfigurationPlatforms) = postSolution
		{8998FA1F-C772-417D-8F98-D0BEB663CE5A}.Debug|Any CPU.ActiveCfg = Debug|Any CPU
		{8998FA1F-C772-417D-8F98-D0BEB663CE5A}.Debug|Any CPU.Build.0 = Debug|Any CPU
		{8998FA1F-C772-417D-8F98-D0BEB663CE5A}.Release|Any CPU.ActiveCfg = Release|Any CPU
		{8998FA1F-C772-417D-8F98-D0BEB663CE5A}.Release|Any CPU.Build.0 = Release|Any CPU
		{45FDE36B-7A9B-48BC-A858-1993BBD2BAA4}.Debug|Any CPU.ActiveCfg = Debug|Any CPU
		{45FDE36B-7A9B-48BC-A858-1993BBD2BAA4}.Debug|Any CPU.Build.0 = Debug|Any CPU
		{45FDE36B-7A9B-48BC-A858-1993BBD2BAA4}.Release|Any CPU.ActiveCfg = Release|Any CPU
		{45FDE36B-7A9B-48BC-A858-1993BBD2BAA4}.Release|Any CPU.Build.0 = Release|Any CPU
		{36DB18EC-BC20-45B5-895E-E755FA30A7EF}.Debug|Any CPU.ActiveCfg = Debug|Any CPU
		{36DB18EC-BC20-45B5-895E-E755FA30A7EF}.Debug|Any CPU.Build.0 = Debug|Any CPU
		{36DB18EC-BC20-45B5-895E-E755FA30A7EF}.Release|Any CPU.ActiveCfg = Release|Any CPU
		{36DB18EC-BC20-45B5-895E-E755FA30A7EF}.Release|Any CPU.Build.0 = Release|Any CPU
		{9EEE00ED-9579-4B96-B735-A63CB8A02BB9}.Debug|Any CPU.ActiveCfg = Debug|Any CPU
		{9EEE00ED-9579-4B96-B735-A63CB8A02BB9}.Debug|Any CPU.Build.0 = Debug|Any CPU
		{9EEE00ED-9579-4B96-B735-A63CB8A02BB9}.Release|Any CPU.ActiveCfg = Release|Any CPU
		{9EEE00ED-9579-4B96-B735-A63CB8A02BB9}.Release|Any CPU.Build.0 = Release|Any CPU
		{EE886BBA-608F-4935-8B06-31421CC7C0B8}.Debug|Any CPU.ActiveCfg = Debug|Any CPU
		{EE886BBA-608F-4935-8B06-31421CC7C0B8}.Debug|Any CPU.Build.0 = Debug|Any CPU
		{EE886BBA-608F-4935-8B06-31421CC7C0B8}.Release|Any CPU.ActiveCfg = Release|Any CPU
		{EE886BBA-608F-4935-8B06-31421CC7C0B8}.Release|Any CPU.Build.0 = Release|Any CPU
		{36F71723-4E8D-443D-AEA9-D9B21C5557E4}.Debug|Any CPU.ActiveCfg = Debug|Any CPU
		{36F71723-4E8D-443D-AEA9-D9B21C5557E4}.Debug|Any CPU.Build.0 = Debug|Any CPU
		{36F71723-4E8D-443D-AEA9-D9B21C5557E4}.Release|Any CPU.ActiveCfg = Release|Any CPU
		{36F71723-4E8D-443D-AEA9-D9B21C5557E4}.Release|Any CPU.Build.0 = Release|Any CPU
		{A3793E01-B3A6-47CE-A2FD-77CC62FB21C3}.Debug|Any CPU.ActiveCfg = Debug|Any CPU
		{A3793E01-B3A6-47CE-A2FD-77CC62FB21C3}.Debug|Any CPU.Build.0 = Debug|Any CPU
		{A3793E01-B3A6-47CE-A2FD-77CC62FB21C3}.Release|Any CPU.ActiveCfg = Release|Any CPU
		{A3793E01-B3A6-47CE-A2FD-77CC62FB21C3}.Release|Any CPU.Build.0 = Release|Any CPU
		{551DC806-BB4A-49B5-8316-62901748B9DC}.Debug|Any CPU.ActiveCfg = Debug|Any CPU
		{551DC806-BB4A-49B5-8316-62901748B9DC}.Debug|Any CPU.Build.0 = Debug|Any CPU
		{551DC806-BB4A-49B5-8316-62901748B9DC}.Release|Any CPU.ActiveCfg = Release|Any CPU
		{551DC806-BB4A-49B5-8316-62901748B9DC}.Release|Any CPU.Build.0 = Release|Any CPU
		{F46D37DC-AF2A-41F3-9F9B-B797851C5D0B}.Debug|Any CPU.ActiveCfg = Debug|Any CPU
		{F46D37DC-AF2A-41F3-9F9B-B797851C5D0B}.Debug|Any CPU.Build.0 = Debug|Any CPU
		{F46D37DC-AF2A-41F3-9F9B-B797851C5D0B}.Release|Any CPU.ActiveCfg = Release|Any CPU
		{F46D37DC-AF2A-41F3-9F9B-B797851C5D0B}.Release|Any CPU.Build.0 = Release|Any CPU
		{2A810E17-99D6-4EFA-BD21-ECE7C3369F3C}.Debug|Any CPU.ActiveCfg = Debug|Any CPU
		{2A810E17-99D6-4EFA-BD21-ECE7C3369F3C}.Debug|Any CPU.Build.0 = Debug|Any CPU
		{2A810E17-99D6-4EFA-BD21-ECE7C3369F3C}.Release|Any CPU.ActiveCfg = Release|Any CPU
		{2A810E17-99D6-4EFA-BD21-ECE7C3369F3C}.Release|Any CPU.Build.0 = Release|Any CPU
		{B2C95060-D3F3-4E62-A59C-7C2754C04B5A}.Debug|Any CPU.ActiveCfg = Debug|Any CPU
		{B2C95060-D3F3-4E62-A59C-7C2754C04B5A}.Debug|Any CPU.Build.0 = Debug|Any CPU
		{B2C95060-D3F3-4E62-A59C-7C2754C04B5A}.Release|Any CPU.ActiveCfg = Release|Any CPU
		{B2C95060-D3F3-4E62-A59C-7C2754C04B5A}.Release|Any CPU.Build.0 = Release|Any CPU
		{C5CAD07B-2A18-428A-A21C-33FB504A002B}.Debug|Any CPU.ActiveCfg = Debug|Any CPU
		{C5CAD07B-2A18-428A-A21C-33FB504A002B}.Debug|Any CPU.Build.0 = Debug|Any CPU
		{C5CAD07B-2A18-428A-A21C-33FB504A002B}.Release|Any CPU.ActiveCfg = Release|Any CPU
		{C5CAD07B-2A18-428A-A21C-33FB504A002B}.Release|Any CPU.Build.0 = Release|Any CPU
		{81875C21-D1EC-43EC-9B07-493825029301}.Debug|Any CPU.ActiveCfg = Debug|Any CPU
		{81875C21-D1EC-43EC-9B07-493825029301}.Debug|Any CPU.Build.0 = Debug|Any CPU
		{81875C21-D1EC-43EC-9B07-493825029301}.Release|Any CPU.ActiveCfg = Release|Any CPU
		{81875C21-D1EC-43EC-9B07-493825029301}.Release|Any CPU.Build.0 = Release|Any CPU
		{E89C5FC2-4FE6-4945-9C21-2C6A4B8E64CA}.Debug|Any CPU.ActiveCfg = Debug|Any CPU
		{E89C5FC2-4FE6-4945-9C21-2C6A4B8E64CA}.Debug|Any CPU.Build.0 = Debug|Any CPU
		{E89C5FC2-4FE6-4945-9C21-2C6A4B8E64CA}.Release|Any CPU.ActiveCfg = Release|Any CPU
		{E89C5FC2-4FE6-4945-9C21-2C6A4B8E64CA}.Release|Any CPU.Build.0 = Release|Any CPU
		{84E826AD-FC25-491A-AFA2-886FFA801E96}.Debug|Any CPU.ActiveCfg = Debug|Any CPU
		{84E826AD-FC25-491A-AFA2-886FFA801E96}.Debug|Any CPU.Build.0 = Debug|Any CPU
		{84E826AD-FC25-491A-AFA2-886FFA801E96}.Release|Any CPU.ActiveCfg = Release|Any CPU
		{84E826AD-FC25-491A-AFA2-886FFA801E96}.Release|Any CPU.Build.0 = Release|Any CPU
		{F21235DD-6E34-4A02-BC34-8446B1E3202A}.Debug|Any CPU.ActiveCfg = Debug|Any CPU
		{F21235DD-6E34-4A02-BC34-8446B1E3202A}.Debug|Any CPU.Build.0 = Debug|Any CPU
		{F21235DD-6E34-4A02-BC34-8446B1E3202A}.Release|Any CPU.ActiveCfg = Release|Any CPU
		{F21235DD-6E34-4A02-BC34-8446B1E3202A}.Release|Any CPU.Build.0 = Release|Any CPU
		{C48E7166-58B4-4437-8A24-F90B0D7EE9A9}.Debug|Any CPU.ActiveCfg = Debug|Any CPU
		{C48E7166-58B4-4437-8A24-F90B0D7EE9A9}.Debug|Any CPU.Build.0 = Debug|Any CPU
		{C48E7166-58B4-4437-8A24-F90B0D7EE9A9}.Release|Any CPU.ActiveCfg = Release|Any CPU
		{C48E7166-58B4-4437-8A24-F90B0D7EE9A9}.Release|Any CPU.Build.0 = Release|Any CPU
		{7A78D988-EF9F-4F6C-9D8A-1ADEF4E54A1F}.Debug|Any CPU.ActiveCfg = Debug|Any CPU
		{7A78D988-EF9F-4F6C-9D8A-1ADEF4E54A1F}.Debug|Any CPU.Build.0 = Debug|Any CPU
		{7A78D988-EF9F-4F6C-9D8A-1ADEF4E54A1F}.Release|Any CPU.ActiveCfg = Release|Any CPU
		{7A78D988-EF9F-4F6C-9D8A-1ADEF4E54A1F}.Release|Any CPU.Build.0 = Release|Any CPU
	EndGlobalSection
	GlobalSection(SolutionProperties) = preSolution
		HideSolutionNode = FALSE
	EndGlobalSection
	GlobalSection(NestedProjects) = preSolution
		{8998FA1F-C772-417D-8F98-D0BEB663CE5A} = {02EA681E-C7D8-13C7-8484-4AC65E1B71E8}
		{45FDE36B-7A9B-48BC-A858-1993BBD2BAA4} = {02EA681E-C7D8-13C7-8484-4AC65E1B71E8}
		{36DB18EC-BC20-45B5-895E-E755FA30A7EF} = {02EA681E-C7D8-13C7-8484-4AC65E1B71E8}
		{9EEE00ED-9579-4B96-B735-A63CB8A02BB9} = {8953B052-8640-4C05-9064-3203323574DC}
		{EE886BBA-608F-4935-8B06-31421CC7C0B8} = {8953B052-8640-4C05-9064-3203323574DC}
		{36F71723-4E8D-443D-AEA9-D9B21C5557E4} = {8953B052-8640-4C05-9064-3203323574DC}
		{A3793E01-B3A6-47CE-A2FD-77CC62FB21C3} = {1D70DC27-A963-43ED-A39B-47E2767F7201}
		{551DC806-BB4A-49B5-8316-62901748B9DC} = {1D70DC27-A963-43ED-A39B-47E2767F7201}
		{F46D37DC-AF2A-41F3-9F9B-B797851C5D0B} = {1D70DC27-A963-43ED-A39B-47E2767F7201}
		{2A810E17-99D6-4EFA-BD21-ECE7C3369F3C} = {0EE76A05-D889-47D8-8225-8C5111C45830}
		{B2C95060-D3F3-4E62-A59C-7C2754C04B5A} = {0EE76A05-D889-47D8-8225-8C5111C45830}
		{C5CAD07B-2A18-428A-A21C-33FB504A002B} = {0EE76A05-D889-47D8-8225-8C5111C45830}
		{81875C21-D1EC-43EC-9B07-493825029301} = {CF5482DA-C991-4A13-81D1-0DA975DEBE1A}
		{E89C5FC2-4FE6-4945-9C21-2C6A4B8E64CA} = {CF5482DA-C991-4A13-81D1-0DA975DEBE1A}
		{84E826AD-FC25-491A-AFA2-886FFA801E96} = {CF5482DA-C991-4A13-81D1-0DA975DEBE1A}
		{F21235DD-6E34-4A02-BC34-8446B1E3202A} = {91C60CCD-5DEE-4298-807A-74738053BC55}
		{C48E7166-58B4-4437-8A24-F90B0D7EE9A9} = {91C60CCD-5DEE-4298-807A-74738053BC55}
		{7A78D988-EF9F-4F6C-9D8A-1ADEF4E54A1F} = {91C60CCD-5DEE-4298-807A-74738053BC55}
	EndGlobalSection
	GlobalSection(ExtensibilityGlobals) = postSolution
		SolutionGuid = {53F1166A-D5E2-41A4-A206-689DF6866B24}
	EndGlobalSection
EndGlobal
